github.com/chanxuehong/internal v0.0.0-20180430074813-85d6017afbc4 h1:oIVeDc/vhuIVqHo13mjZXfHV4usEXez7ZvnDsNbv6wA=
github.com/chanxuehong/internal v0.0.0-20180430074813-85d6017afbc4/go.mod h1:G4Uw1UFjRzDVuVpWwOJZoj0DeqP0GKZqU824CzRJM4I=
github.com/chanxuehong/rand v0.0.0-20201110082127-2f19a1bdd973 h1:Js/7nHtkpvUW62passc9FOflXyLQDjSoYclkFeDdTEM=
github.com/chanxuehong/rand v0.0.0-20201110082127-2f19a1bdd973/go.mod h1:9+sJ9zvvkXC5sPjPEZM3Jpb9n2Q2VtcrGZly0UHYF5I=
github.com/chanxuehong/uuid v0.0.0-20180430073920-75ab5e2d8298 h1:V3cpab0Brk1is2ZtzR+IcxJLtGNou13GcTy6iuxPxUc=
github.com/chanxuehong/uuid v0.0.0-20180430073920-75ab5e2d8298/go.mod h1:itG2+8gQHEh38viH9DAHIpCPR52vb3g+tE+5rvD/LiI=
